// !$*UTF8*$!
{
	archiveVersion = 1;
	classes = {
	};
	objectVersion = 56;
	objects = {

/* Begin PBXBuildFile section */
		FE6A55C629C5DACC00C81B61 /* WeatherDashboardViewModelTests.swift in Sources */ = {isa = PBXBuildFile; fileRef = FE6A55C529C5DACC00C81B61 /* WeatherDashboardViewModelTests.swift */; };
		FE6A55C929C5DB1A00C81B61 /* WeatherDashboard.json in Resources */ = {isa = PBXBuildFile; fileRef = FE6A55C829C5DB1A00C81B61 /* WeatherDashboard.json */; };
		FE7A124029C5258D00D80DE8 /* AppDelegate.swift in Sources */ = {isa = PBXBuildFile; fileRef = FE7A123F29C5258D00D80DE8 /* AppDelegate.swift */; };
		FE7A124229C5258D00D80DE8 /* SceneDelegate.swift in Sources */ = {isa = PBXBuildFile; fileRef = FE7A124129C5258D00D80DE8 /* SceneDelegate.swift */; };
		FE7A124429C5258D00D80DE8 /* ViewController.swift in Sources */ = {isa = PBXBuildFile; fileRef = FE7A124329C5258D00D80DE8 /* ViewController.swift */; };
		FE7A124729C5258D00D80DE8 /* WeatherDashboardViewController.storyboard in Resources */ = {isa = PBXBuildFile; fileRef = FE7A124529C5258D00D80DE8 /* WeatherDashboardViewController.storyboard */; };
		FE7A124929C5258E00D80DE8 /* Assets.xcassets in Resources */ = {isa = PBXBuildFile; fileRef = FE7A124829C5258E00D80DE8 /* Assets.xcassets */; };
		FE7A124C29C5258E00D80DE8 /* LaunchScreen.storyboard in Resources */ = {isa = PBXBuildFile; fileRef = FE7A124A29C5258E00D80DE8 /* LaunchScreen.storyboard */; };
		FE7A126129C5258F00D80DE8 /* WeatherAppUITests.swift in Sources */ = {isa = PBXBuildFile; fileRef = FE7A126029C5258F00D80DE8 /* WeatherAppUITests.swift */; };
		FE7A126329C5258F00D80DE8 /* WeatherAppUITestsLaunchTests.swift in Sources */ = {isa = PBXBuildFile; fileRef = FE7A126229C5258F00D80DE8 /* WeatherAppUITestsLaunchTests.swift */; };
		FE7A127729C5267300D80DE8 /* WeatherDashboardViewController.swift in Sources */ = {isa = PBXBuildFile; fileRef = FE7A127629C5267300D80DE8 /* WeatherDashboardViewController.swift */; };
		FE7A127929C526DD00D80DE8 /* WeatherDashboardViewModel.swift in Sources */ = {isa = PBXBuildFile; fileRef = FE7A127829C526DD00D80DE8 /* WeatherDashboardViewModel.swift */; };
		FE7A127B29C5276D00D80DE8 /* WeatherDashboardDataManager.swift in Sources */ = {isa = PBXBuildFile; fileRef = FE7A127A29C5276D00D80DE8 /* WeatherDashboardDataManager.swift */; };
		FE7A127E29C5288200D80DE8 /* NetworkManaging.swift in Sources */ = {isa = PBXBuildFile; fileRef = FE7A127D29C5288200D80DE8 /* NetworkManaging.swift */; };
		FE7A128029C528C300D80DE8 /* WeatherData.swift in Sources */ = {isa = PBXBuildFile; fileRef = FE7A127F29C528C300D80DE8 /* WeatherData.swift */; };
		FE7A128229C533E800D80DE8 /* WeatherDashboardCoordinator.swift in Sources */ = {isa = PBXBuildFile; fileRef = FE7A128129C533E800D80DE8 /* WeatherDashboardCoordinator.swift */; };
		FE7A128429C5345500D80DE8 /* Coordinator.swift in Sources */ = {isa = PBXBuildFile; fileRef = FE7A128329C5345500D80DE8 /* Coordinator.swift */; };
		FE7A128629C5348500D80DE8 /* EnvironmentManaging.swift in Sources */ = {isa = PBXBuildFile; fileRef = FE7A128529C5348500D80DE8 /* EnvironmentManaging.swift */; };
		FE7A128929C534E000D80DE8 /* NetworkManager.swift in Sources */ = {isa = PBXBuildFile; fileRef = FE7A128829C534E000D80DE8 /* NetworkManager.swift */; };
		FE7A128B29C5350200D80DE8 /* Cache.swift in Sources */ = {isa = PBXBuildFile; fileRef = FE7A128A29C5350200D80DE8 /* Cache.swift */; };
		FE7A128D29C5352200D80DE8 /* EnumEnvironment.swift in Sources */ = {isa = PBXBuildFile; fileRef = FE7A128C29C5352200D80DE8 /* EnumEnvironment.swift */; };
		FE7A128F29C536A900D80DE8 /* AppCoordinator.swift in Sources */ = {isa = PBXBuildFile; fileRef = FE7A128E29C536A900D80DE8 /* AppCoordinator.swift */; };
		FEB592BC29C5B1DD008D9CAC /* UIImageView+Cache.swift in Sources */ = {isa = PBXBuildFile; fileRef = FEB592BB29C5B1DD008D9CAC /* UIImageView+Cache.swift */; };
/* End PBXBuildFile section */

/* Begin PBXContainerItemProxy section */
		FE7A125329C5258F00D80DE8 /* PBXContainerItemProxy */ = {
			isa = PBXContainerItemProxy;
			containerPortal = FE7A123429C5258D00D80DE8 /* Project object */;
			proxyType = 1;
			remoteGlobalIDString = FE7A123B29C5258D00D80DE8;
			remoteInfo = WeatherApp;
		};
		FE7A125D29C5258F00D80DE8 /* PBXContainerItemProxy */ = {
			isa = PBXContainerItemProxy;
			containerPortal = FE7A123429C5258D00D80DE8 /* Project object */;
			proxyType = 1;
			remoteGlobalIDString = FE7A123B29C5258D00D80DE8;
			remoteInfo = WeatherApp;
		};
/* End PBXContainerItemProxy section */

/* Begin PBXFileReference section */
		FE6A55C529C5DACC00C81B61 /* WeatherDashboardViewModelTests.swift */ = {isa = PBXFileReference; lastKnownFileType = sourcecode.swift; path = WeatherDashboardViewModelTests.swift; sourceTree = "<group>"; };
		FE6A55C829C5DB1A00C81B61 /* WeatherDashboard.json */ = {isa = PBXFileReference; lastKnownFileType = text.json; path = WeatherDashboard.json; sourceTree = "<group>"; };
		FE7A123C29C5258D00D80DE8 /* WeatherApp.app */ = {isa = PBXFileReference; explicitFileType = wrapper.application; includeInIndex = 0; path = WeatherApp.app; sourceTree = BUILT_PRODUCTS_DIR; };
		FE7A123F29C5258D00D80DE8 /* AppDelegate.swift */ = {isa = PBXFileReference; lastKnownFileType = sourcecode.swift; path = AppDelegate.swift; sourceTree = "<group>"; };
		FE7A124129C5258D00D80DE8 /* SceneDelegate.swift */ = {isa = PBXFileReference; lastKnownFileType = sourcecode.swift; path = SceneDelegate.swift; sourceTree = "<group>"; };
		FE7A124329C5258D00D80DE8 /* ViewController.swift */ = {isa = PBXFileReference; lastKnownFileType = sourcecode.swift; path = ViewController.swift; sourceTree = "<group>"; };
		FE7A124629C5258D00D80DE8 /* Base */ = {isa = PBXFileReference; lastKnownFileType = file.storyboard; name = Base; path = Base.lproj/WeatherDashboardViewController.storyboard; sourceTree = "<group>"; };
		FE7A124829C5258E00D80DE8 /* Assets.xcassets */ = {isa = PBXFileReference; lastKnownFileType = folder.assetcatalog; path = Assets.xcassets; sourceTree = "<group>"; };
		FE7A124B29C5258E00D80DE8 /* Base */ = {isa = PBXFileReference; lastKnownFileType = file.storyboard; name = Base; path = Base.lproj/LaunchScreen.storyboard; sourceTree = "<group>"; };
		FE7A124D29C5258E00D80DE8 /* Info.plist */ = {isa = PBXFileReference; lastKnownFileType = text.plist.xml; path = Info.plist; sourceTree = "<group>"; };
		FE7A125229C5258F00D80DE8 /* WeatherAppTests.xctest */ = {isa = PBXFileReference; explicitFileType = wrapper.cfbundle; includeInIndex = 0; path = WeatherAppTests.xctest; sourceTree = BUILT_PRODUCTS_DIR; };
		FE7A125C29C5258F00D80DE8 /* WeatherAppUITests.xctest */ = {isa = PBXFileReference; explicitFileType = wrapper.cfbundle; includeInIndex = 0; path = WeatherAppUITests.xctest; sourceTree = BUILT_PRODUCTS_DIR; };
		FE7A126029C5258F00D80DE8 /* WeatherAppUITests.swift */ = {isa = PBXFileReference; lastKnownFileType = sourcecode.swift; path = WeatherAppUITests.swift; sourceTree = "<group>"; };
		FE7A126229C5258F00D80DE8 /* WeatherAppUITestsLaunchTests.swift */ = {isa = PBXFileReference; lastKnownFileType = sourcecode.swift; path = WeatherAppUITestsLaunchTests.swift; sourceTree = "<group>"; };
		FE7A127629C5267300D80DE8 /* WeatherDashboardViewController.swift */ = {isa = PBXFileReference; lastKnownFileType = sourcecode.swift; path = WeatherDashboardViewController.swift; sourceTree = "<group>"; };
		FE7A127829C526DD00D80DE8 /* WeatherDashboardViewModel.swift */ = {isa = PBXFileReference; lastKnownFileType = sourcecode.swift; path = WeatherDashboardViewModel.swift; sourceTree = "<group>"; };
		FE7A127A29C5276D00D80DE8 /* WeatherDashboardDataManager.swift */ = {isa = PBXFileReference; lastKnownFileType = sourcecode.swift; path = WeatherDashboardDataManager.swift; sourceTree = "<group>"; };
		FE7A127D29C5288200D80DE8 /* NetworkManaging.swift */ = {isa = PBXFileReference; lastKnownFileType = sourcecode.swift; path = NetworkManaging.swift; sourceTree = "<group>"; };
		FE7A127F29C528C300D80DE8 /* WeatherData.swift */ = {isa = PBXFileReference; lastKnownFileType = sourcecode.swift; path = WeatherData.swift; sourceTree = "<group>"; };
		FE7A128129C533E800D80DE8 /* WeatherDashboardCoordinator.swift */ = {isa = PBXFileReference; lastKnownFileType = sourcecode.swift; path = WeatherDashboardCoordinator.swift; sourceTree = "<group>"; };
		FE7A128329C5345500D80DE8 /* Coordinator.swift */ = {isa = PBXFileReference; lastKnownFileType = sourcecode.swift; path = Coordinator.swift; sourceTree = "<group>"; };
		FE7A128529C5348500D80DE8 /* EnvironmentManaging.swift */ = {isa = PBXFileReference; lastKnownFileType = sourcecode.swift; path = EnvironmentManaging.swift; sourceTree = "<group>"; };
		FE7A128829C534E000D80DE8 /* NetworkManager.swift */ = {isa = PBXFileReference; lastKnownFileType = sourcecode.swift; path = NetworkManager.swift; sourceTree = "<group>"; };
		FE7A128A29C5350200D80DE8 /* Cache.swift */ = {isa = PBXFileReference; lastKnownFileType = sourcecode.swift; path = Cache.swift; sourceTree = "<group>"; };
		FE7A128C29C5352200D80DE8 /* EnumEnvironment.swift */ = {isa = PBXFileReference; lastKnownFileType = sourcecode.swift; path = EnumEnvironment.swift; sourceTree = "<group>"; };
		FE7A128E29C536A900D80DE8 /* AppCoordinator.swift */ = {isa = PBXFileReference; lastKnownFileType = sourcecode.swift; path = AppCoordinator.swift; sourceTree = "<group>"; };
		FEB592BB29C5B1DD008D9CAC /* UIImageView+Cache.swift */ = {isa = PBXFileReference; lastKnownFileType = sourcecode.swift; path = "UIImageView+Cache.swift"; sourceTree = "<group>"; };
/* End PBXFileReference section */

/* Begin PBXFrameworksBuildPhase section */
		FE7A123929C5258D00D80DE8 /* Frameworks */ = {
			isa = PBXFrameworksBuildPhase;
			buildActionMask = 2147483647;
			files = (
			);
			runOnlyForDeploymentPostprocessing = 0;
		};
		FE7A124F29C5258F00D80DE8 /* Frameworks */ = {
			isa = PBXFrameworksBuildPhase;
			buildActionMask = 2147483647;
			files = (
			);
			runOnlyForDeploymentPostprocessing = 0;
		};
		FE7A125929C5258F00D80DE8 /* Frameworks */ = {
			isa = PBXFrameworksBuildPhase;
			buildActionMask = 2147483647;
			files = (
			);
			runOnlyForDeploymentPostprocessing = 0;
		};
/* End PBXFrameworksBuildPhase section */

/* Begin PBXGroup section */
		FE6A55C429C5DAAD00C81B61 /* ViewModel */ = {
			isa = PBXGroup;
			children = (
				FE6A55C529C5DACC00C81B61 /* WeatherDashboardViewModelTests.swift */,
			);
			path = ViewModel;
			sourceTree = "<group>";
		};
		FE6A55C729C5DADE00C81B61 /* MockJson */ = {
			isa = PBXGroup;
			children = (
				FE6A55C829C5DB1A00C81B61 /* WeatherDashboard.json */,
			);
			path = MockJson;
			sourceTree = "<group>";
		};
		FE6B7D6629C5B15200095EC6 /* Extensions */ = {
			isa = PBXGroup;
			children = (
				FEB592BB29C5B1DD008D9CAC /* UIImageView+Cache.swift */,
			);
			path = Extensions;
			sourceTree = "<group>";
		};
		FE7A123329C5258D00D80DE8 = {
			isa = PBXGroup;
			children = (
				FE7A123E29C5258D00D80DE8 /* WeatherApp */,
				FE7A125529C5258F00D80DE8 /* WeatherAppTests */,
				FE7A125F29C5258F00D80DE8 /* WeatherAppUITests */,
				FE7A123D29C5258D00D80DE8 /* Products */,
			);
			sourceTree = "<group>";
		};
		FE7A123D29C5258D00D80DE8 /* Products */ = {
			isa = PBXGroup;
			children = (
				FE7A123C29C5258D00D80DE8 /* WeatherApp.app */,
				FE7A125229C5258F00D80DE8 /* WeatherAppTests.xctest */,
				FE7A125C29C5258F00D80DE8 /* WeatherAppUITests.xctest */,
			);
			name = Products;
			sourceTree = "<group>";
		};
		FE7A123E29C5258D00D80DE8 /* WeatherApp */ = {
			isa = PBXGroup;
			children = (
				FE6B7D6629C5B15200095EC6 /* Extensions */,
				FE7A129029C536B200D80DE8 /* AppCoordinator */,
				FE7A127C29C5282D00D80DE8 /* API */,
				FE7A127529C5263500D80DE8 /* Module */,
				FE7A123F29C5258D00D80DE8 /* AppDelegate.swift */,
				FE7A124129C5258D00D80DE8 /* SceneDelegate.swift */,
				FE7A124329C5258D00D80DE8 /* ViewController.swift */,
				FE7A124829C5258E00D80DE8 /* Assets.xcassets */,
				FE7A124A29C5258E00D80DE8 /* LaunchScreen.storyboard */,
				FE7A124D29C5258E00D80DE8 /* Info.plist */,
			);
			path = WeatherApp;
			sourceTree = "<group>";
		};
		FE7A125529C5258F00D80DE8 /* WeatherAppTests */ = {
			isa = PBXGroup;
			children = (
				FE6A55C729C5DADE00C81B61 /* MockJson */,
				FE6A55C429C5DAAD00C81B61 /* ViewModel */,
			);
			path = WeatherAppTests;
			sourceTree = "<group>";
		};
		FE7A125F29C5258F00D80DE8 /* WeatherAppUITests */ = {
			isa = PBXGroup;
			children = (
				FE7A126029C5258F00D80DE8 /* WeatherAppUITests.swift */,
				FE7A126229C5258F00D80DE8 /* WeatherAppUITestsLaunchTests.swift */,
			);
			path = WeatherAppUITests;
			sourceTree = "<group>";
		};
		FE7A126F29C525BD00D80DE8 /* Coordinator */ = {
			isa = PBXGroup;
			children = (
				FE7A128129C533E800D80DE8 /* WeatherDashboardCoordinator.swift */,
			);
			path = Coordinator;
			sourceTree = "<group>";
		};
		FE7A127029C525D300D80DE8 /* DataManager */ = {
			isa = PBXGroup;
			children = (
				FE7A127A29C5276D00D80DE8 /* WeatherDashboardDataManager.swift */,
			);
			path = DataManager;
			sourceTree = "<group>";
		};
		FE7A127129C525E300D80DE8 /* Model */ = {
			isa = PBXGroup;
			children = (
				FE7A127F29C528C300D80DE8 /* WeatherData.swift */,
			);
			path = Model;
			sourceTree = "<group>";
		};
		FE7A127229C525EA00D80DE8 /* ViewModel */ = {
			isa = PBXGroup;
			children = (
				FE7A127829C526DD00D80DE8 /* WeatherDashboardViewModel.swift */,
			);
			path = ViewModel;
			sourceTree = "<group>";
		};
		FE7A127329C525FA00D80DE8 /* View */ = {
			isa = PBXGroup;
			children = (
				FE7A124529C5258D00D80DE8 /* WeatherDashboardViewController.storyboard */,
				FE7A127629C5267300D80DE8 /* WeatherDashboardViewController.swift */,
			);
			path = View;
			sourceTree = "<group>";
		};
		FE7A127429C5261F00D80DE8 /* Dashboard */ = {
			isa = PBXGroup;
			children = (
				FE7A127329C525FA00D80DE8 /* View */,
				FE7A127229C525EA00D80DE8 /* ViewModel */,
				FE7A127129C525E300D80DE8 /* Model */,
				FE7A126F29C525BD00D80DE8 /* Coordinator */,
				FE7A127029C525D300D80DE8 /* DataManager */,
			);
			path = Dashboard;
			sourceTree = "<group>";
		};
		FE7A127529C5263500D80DE8 /* Module */ = {
			isa = PBXGroup;
			children = (
				FE7A127429C5261F00D80DE8 /* Dashboard */,
			);
			path = Module;
			sourceTree = "<group>";
		};
		FE7A127C29C5282D00D80DE8 /* API */ = {
			isa = PBXGroup;
			children = (
				FE7A127D29C5288200D80DE8 /* NetworkManaging.swift */,
				FE7A128329C5345500D80DE8 /* Coordinator.swift */,
				FE7A128529C5348500D80DE8 /* EnvironmentManaging.swift */,
				FE7A128A29C5350200D80DE8 /* Cache.swift */,
				FE7A128C29C5352200D80DE8 /* EnumEnvironment.swift */,
				FE7A128829C534E000D80DE8 /* NetworkManager.swift */,
			);
			path = API;
			sourceTree = "<group>";
		};
		FE7A129029C536B200D80DE8 /* AppCoordinator */ = {
			isa = PBXGroup;
			children = (
				FE7A128E29C536A900D80DE8 /* AppCoordinator.swift */,
			);
			path = AppCoordinator;
			sourceTree = "<group>";
		};
/* End PBXGroup section */

/* Begin PBXNativeTarget section */
		FE7A123B29C5258D00D80DE8 /* WeatherApp */ = {
			isa = PBXNativeTarget;
			buildConfigurationList = FE7A126629C5258F00D80DE8 /* Build configuration list for PBXNativeTarget "WeatherApp" */;
			buildPhases = (
				FE7A123829C5258D00D80DE8 /* Sources */,
				FE7A123929C5258D00D80DE8 /* Frameworks */,
				FE7A123A29C5258D00D80DE8 /* Resources */,
			);
			buildRules = (
			);
			dependencies = (
			);
			name = WeatherApp;
			productName = WeatherApp;
			productReference = FE7A123C29C5258D00D80DE8 /* WeatherApp.app */;
			productType = "com.apple.product-type.application";
		};
		FE7A125129C5258F00D80DE8 /* WeatherAppTests */ = {
			isa = PBXNativeTarget;
			buildConfigurationList = FE7A126929C5258F00D80DE8 /* Build configuration list for PBXNativeTarget "WeatherAppTests" */;
			buildPhases = (
				FE7A124E29C5258F00D80DE8 /* Sources */,
				FE7A124F29C5258F00D80DE8 /* Frameworks */,
				FE7A125029C5258F00D80DE8 /* Resources */,
			);
			buildRules = (
			);
			dependencies = (
				FE7A125429C5258F00D80DE8 /* PBXTargetDependency */,
			);
			name = WeatherAppTests;
			productName = WeatherAppTests;
			productReference = FE7A125229C5258F00D80DE8 /* WeatherAppTests.xctest */;
			productType = "com.apple.product-type.bundle.unit-test";
		};
		FE7A125B29C5258F00D80DE8 /* WeatherAppUITests */ = {
			isa = PBXNativeTarget;
			buildConfigurationList = FE7A126C29C5258F00D80DE8 /* Build configuration list for PBXNativeTarget "WeatherAppUITests" */;
			buildPhases = (
				FE7A125829C5258F00D80DE8 /* Sources */,
				FE7A125929C5258F00D80DE8 /* Frameworks */,
				FE7A125A29C5258F00D80DE8 /* Resources */,
			);
			buildRules = (
			);
			dependencies = (
				FE7A125E29C5258F00D80DE8 /* PBXTargetDependency */,
			);
			name = WeatherAppUITests;
			productName = WeatherAppUITests;
			productReference = FE7A125C29C5258F00D80DE8 /* WeatherAppUITests.xctest */;
			productType = "com.apple.product-type.bundle.ui-testing";
		};
/* End PBXNativeTarget section */

/* Begin PBXProject section */
		FE7A123429C5258D00D80DE8 /* Project object */ = {
			isa = PBXProject;
			attributes = {
				BuildIndependentTargetsInParallel = 1;
				LastSwiftUpdateCheck = 1420;
				LastUpgradeCheck = 1420;
				TargetAttributes = {
					FE7A123B29C5258D00D80DE8 = {
						CreatedOnToolsVersion = 14.2;
					};
					FE7A125129C5258F00D80DE8 = {
						CreatedOnToolsVersion = 14.2;
						TestTargetID = FE7A123B29C5258D00D80DE8;
					};
					FE7A125B29C5258F00D80DE8 = {
						CreatedOnToolsVersion = 14.2;
						TestTargetID = FE7A123B29C5258D00D80DE8;
					};
				};
			};
			buildConfigurationList = FE7A123729C5258D00D80DE8 /* Build configuration list for PBXProject "WeatherApp" */;
			compatibilityVersion = "Xcode 14.0";
			developmentRegion = en;
			hasScannedForEncodings = 0;
			knownRegions = (
				en,
				Base,
			);
			mainGroup = FE7A123329C5258D00D80DE8;
			productRefGroup = FE7A123D29C5258D00D80DE8 /* Products */;
			projectDirPath = "";
			projectRoot = "";
			targets = (
				FE7A123B29C5258D00D80DE8 /* WeatherApp */,
				FE7A125129C5258F00D80DE8 /* WeatherAppTests */,
				FE7A125B29C5258F00D80DE8 /* WeatherAppUITests */,
			);
		};
/* End PBXProject section */

/* Begin PBXResourcesBuildPhase section */
		FE7A123A29C5258D00D80DE8 /* Resources */ = {
			isa = PBXResourcesBuildPhase;
			buildActionMask = 2147483647;
			files = (
				FE7A124C29C5258E00D80DE8 /* LaunchScreen.storyboard in Resources */,
				FE7A124929C5258E00D80DE8 /* Assets.xcassets in Resources */,
				FE7A124729C5258D00D80DE8 /* WeatherDashboardViewController.storyboard in Resources */,
			);
			runOnlyForDeploymentPostprocessing = 0;
		};
		FE7A125029C5258F00D80DE8 /* Resources */ = {
			isa = PBXResourcesBuildPhase;
			buildActionMask = 2147483647;
			files = (
				FE6A55C929C5DB1A00C81B61 /* WeatherDashboard.json in Resources */,
			);
			runOnlyForDeploymentPostprocessing = 0;
		};
		FE7A125A29C5258F00D80DE8 /* Resources */ = {
			isa = PBXResourcesBuildPhase;
			buildActionMask = 2147483647;
			files = (
			);
			runOnlyForDeploymentPostprocessing = 0;
		};
/* End PBXResourcesBuildPhase section */

/* Begin PBXSourcesBuildPhase section */
		FE7A123829C5258D00D80DE8 /* Sources */ = {
			isa = PBXSourcesBuildPhase;
			buildActionMask = 2147483647;
			files = (
				FE7A128929C534E000D80DE8 /* NetworkManager.swift in Sources */,
				FE7A127929C526DD00D80DE8 /* WeatherDashboardViewModel.swift in Sources */,
				FE7A127E29C5288200D80DE8 /* NetworkManaging.swift in Sources */,
				FE7A128429C5345500D80DE8 /* Coordinator.swift in Sources */,
				FE7A128D29C5352200D80DE8 /* EnumEnvironment.swift in Sources */,
				FE7A124429C5258D00D80DE8 /* ViewController.swift in Sources */,
				FE7A124029C5258D00D80DE8 /* AppDelegate.swift in Sources */,
				FE7A128B29C5350200D80DE8 /* Cache.swift in Sources */,
				FE7A127729C5267300D80DE8 /* WeatherDashboardViewController.swift in Sources */,
				FE7A128229C533E800D80DE8 /* WeatherDashboardCoordinator.swift in Sources */,
				FE7A124229C5258D00D80DE8 /* SceneDelegate.swift in Sources */,
				FE7A128029C528C300D80DE8 /* WeatherData.swift in Sources */,
				FE7A128F29C536A900D80DE8 /* AppCoordinator.swift in Sources */,
				FEB592BC29C5B1DD008D9CAC /* UIImageView+Cache.swift in Sources */,
				FE7A127B29C5276D00D80DE8 /* WeatherDashboardDataManager.swift in Sources */,
				FE7A128629C5348500D80DE8 /* EnvironmentManaging.swift in Sources */,
			);
			runOnlyForDeploymentPostprocessing = 0;
		};
		FE7A124E29C5258F00D80DE8 /* Sources */ = {
			isa = PBXSourcesBuildPhase;
			buildActionMask = 2147483647;
			files = (
				FE6A55C629C5DACC00C81B61 /* WeatherDashboardViewModelTests.swift in Sources */,
			);
			runOnlyForDeploymentPostprocessing = 0;
		};
		FE7A125829C5258F00D80DE8 /* Sources */ = {
			isa = PBXSourcesBuildPhase;
			buildActionMask = 2147483647;
			files = (
				FE7A126129C5258F00D80DE8 /* WeatherAppUITests.swift in Sources */,
				FE7A126329C5258F00D80DE8 /* WeatherAppUITestsLaunchTests.swift in Sources */,
			);
			runOnlyForDeploymentPostprocessing = 0;
		};
/* End PBXSourcesBuildPhase section */

/* Begin PBXTargetDependency section */
		FE7A125429C5258F00D80DE8 /* PBXTargetDependency */ = {
			isa = PBXTargetDependency;
			target = FE7A123B29C5258D00D80DE8 /* WeatherApp */;
			targetProxy = FE7A125329C5258F00D80DE8 /* PBXContainerItemProxy */;
		};
		FE7A125E29C5258F00D80DE8 /* PBXTargetDependency */ = {
			isa = PBXTargetDependency;
			target = FE7A123B29C5258D00D80DE8 /* WeatherApp */;
			targetProxy = FE7A125D29C5258F00D80DE8 /* PBXContainerItemProxy */;
		};
/* End PBXTargetDependency section */

/* Begin PBXVariantGroup section */
		FE7A124529C5258D00D80DE8 /* WeatherDashboardViewController.storyboard */ = {
			isa = PBXVariantGroup;
			children = (
				FE7A124629C5258D00D80DE8 /* Base */,
			);
			name = WeatherDashboardViewController.storyboard;
			sourceTree = "<group>";
		};
		FE7A124A29C5258E00D80DE8 /* LaunchScreen.storyboard */ = {
			isa = PBXVariantGroup;
			children = (
				FE7A124B29C5258E00D80DE8 /* Base */,
			);
			name = LaunchScreen.storyboard;
			sourceTree = "<group>";
		};
/* End PBXVariantGroup section */

/* Begin XCBuildConfiguration section */
		FE7A126429C5258F00D80DE8 /* Debug */ = {
			isa = XCBuildConfiguration;
			buildSettings = {
				ALWAYS_SEARCH_USER_PATHS = NO;
				CLANG_ANALYZER_NONNULL = YES;
				CLANG_ANALYZER_NUMBER_OBJECT_CONVERSION = YES_AGGRESSIVE;
				CLANG_CXX_LANGUAGE_STANDARD = "gnu++20";
				CLANG_ENABLE_MODULES = YES;
				CLANG_ENABLE_OBJC_ARC = YES;
				CLANG_ENABLE_OBJC_WEAK = YES;
				CLANG_WARN_BLOCK_CAPTURE_AUTORELEASING = YES;
				CLANG_WARN_BOOL_CONVERSION = YES;
				CLANG_WARN_COMMA = YES;
				CLANG_WARN_CONSTANT_CONVERSION = YES;
				CLANG_WARN_DEPRECATED_OBJC_IMPLEMENTATIONS = YES;
				CLANG_WARN_DIRECT_OBJC_ISA_USAGE = YES_ERROR;
				CLANG_WARN_DOCUMENTATION_COMMENTS = YES;
				CLANG_WARN_EMPTY_BODY = YES;
				CLANG_WARN_ENUM_CONVERSION = YES;
				CLANG_WARN_INFINITE_RECURSION = YES;
				CLANG_WARN_INT_CONVERSION = YES;
				CLANG_WARN_NON_LITERAL_NULL_CONVERSION = YES;
				CLANG_WARN_OBJC_IMPLICIT_RETAIN_SELF = YES;
				CLANG_WARN_OBJC_LITERAL_CONVERSION = YES;
				CLANG_WARN_OBJC_ROOT_CLASS = YES_ERROR;
				CLANG_WARN_QUOTED_INCLUDE_IN_FRAMEWORK_HEADER = YES;
				CLANG_WARN_RANGE_LOOP_ANALYSIS = YES;
				CLANG_WARN_STRICT_PROTOTYPES = YES;
				CLANG_WARN_SUSPICIOUS_MOVE = YES;
				CLANG_WARN_UNGUARDED_AVAILABILITY = YES_AGGRESSIVE;
				CLANG_WARN_UNREACHABLE_CODE = YES;
				CLANG_WARN__DUPLICATE_METHOD_MATCH = YES;
				COPY_PHASE_STRIP = NO;
				DEBUG_INFORMATION_FORMAT = dwarf;
				ENABLE_STRICT_OBJC_MSGSEND = YES;
				ENABLE_TESTABILITY = YES;
				GCC_C_LANGUAGE_STANDARD = gnu11;
				GCC_DYNAMIC_NO_PIC = NO;
				GCC_NO_COMMON_BLOCKS = YES;
				GCC_OPTIMIZATION_LEVEL = 0;
				GCC_PREPROCESSOR_DEFINITIONS = (
					"DEBUG=1",
					"$(inherited)",
				);
				GCC_WARN_64_TO_32_BIT_CONVERSION = YES;
				GCC_WARN_ABOUT_RETURN_TYPE = YES_ERROR;
				GCC_WARN_UNDECLARED_SELECTOR = YES;
				GCC_WARN_UNINITIALIZED_AUTOS = YES_AGGRESSIVE;
				GCC_WARN_UNUSED_FUNCTION = YES;
				GCC_WARN_UNUSED_VARIABLE = YES;
				IPHONEOS_DEPLOYMENT_TARGET = 16.2;
				MTL_ENABLE_DEBUG_INFO = INCLUDE_SOURCE;
				MTL_FAST_MATH = YES;
				ONLY_ACTIVE_ARCH = YES;
				SDKROOT = iphoneos;
				SWIFT_ACTIVE_COMPILATION_CONDITIONS = DEBUG;
				SWIFT_OPTIMIZATION_LEVEL = "-Onone";
			};
			name = Debug;
		};
		FE7A126529C5258F00D80DE8 /* Release */ = {
			isa = XCBuildConfiguration;
			buildSettings = {
				ALWAYS_SEARCH_USER_PATHS = NO;
				CLANG_ANALYZER_NONNULL = YES;
				CLANG_ANALYZER_NUMBER_OBJECT_CONVERSION = YES_AGGRESSIVE;
				CLANG_CXX_LANGUAGE_STANDARD = "gnu++20";
				CLANG_ENABLE_MODULES = YES;
				CLANG_ENABLE_OBJC_ARC = YES;
				CLANG_ENABLE_OBJC_WEAK = YES;
				CLANG_WARN_BLOCK_CAPTURE_AUTORELEASING = YES;
				CLANG_WARN_BOOL_CONVERSION = YES;
				CLANG_WARN_COMMA = YES;
				CLANG_WARN_CONSTANT_CONVERSION = YES;
				CLANG_WARN_DEPRECATED_OBJC_IMPLEMENTATIONS = YES;
				CLANG_WARN_DIRECT_OBJC_ISA_USAGE = YES_ERROR;
				CLANG_WARN_DOCUMENTATION_COMMENTS = YES;
				CLANG_WARN_EMPTY_BODY = YES;
				CLANG_WARN_ENUM_CONVERSION = YES;
				CLANG_WARN_INFINITE_RECURSION = YES;
				CLANG_WARN_INT_CONVERSION = YES;
				CLANG_WARN_NON_LITERAL_NULL_CONVERSION = YES;
				CLANG_WARN_OBJC_IMPLICIT_RETAIN_SELF = YES;
				CLANG_WARN_OBJC_LITERAL_CONVERSION = YES;
				CLANG_WARN_OBJC_ROOT_CLASS = YES_ERROR;
				CLANG_WARN_QUOTED_INCLUDE_IN_FRAMEWORK_HEADER = YES;
				CLANG_WARN_RANGE_LOOP_ANALYSIS = YES;
				CLANG_WARN_STRICT_PROTOTYPES = YES;
				CLANG_WARN_SUSPICIOUS_MOVE = YES;
				CLANG_WARN_UNGUARDED_AVAILABILITY = YES_AGGRESSIVE;
				CLANG_WARN_UNREACHABLE_CODE = YES;
				CLANG_WARN__DUPLICATE_METHOD_MATCH = YES;
				COPY_PHASE_STRIP = NO;
				DEBUG_INFORMATION_FORMAT = "dwarf-with-dsym";
				ENABLE_NS_ASSERTIONS = NO;
				ENABLE_STRICT_OBJC_MSGSEND = YES;
				GCC_C_LANGUAGE_STANDARD = gnu11;
				GCC_NO_COMMON_BLOCKS = YES;
				GCC_WARN_64_TO_32_BIT_CONVERSION = YES;
				GCC_WARN_ABOUT_RETURN_TYPE = YES_ERROR;
				GCC_WARN_UNDECLARED_SELECTOR = YES;
				GCC_WARN_UNINITIALIZED_AUTOS = YES_AGGRESSIVE;
				GCC_WARN_UNUSED_FUNCTION = YES;
				GCC_WARN_UNUSED_VARIABLE = YES;
				IPHONEOS_DEPLOYMENT_TARGET = 16.2;
				MTL_ENABLE_DEBUG_INFO = NO;
				MTL_FAST_MATH = YES;
				SDKROOT = iphoneos;
				SWIFT_COMPILATION_MODE = wholemodule;
				SWIFT_OPTIMIZATION_LEVEL = "-O";
				VALIDATE_PRODUCT = YES;
			};
			name = Release;
		};
		FE7A126729C5258F00D80DE8 /* Debug */ = {
			isa = XCBuildConfiguration;
			buildSettings = {
				ASSETCATALOG_COMPILER_APPICON_NAME = AppIcon;
				ASSETCATALOG_COMPILER_GLOBAL_ACCENT_COLOR_NAME = AccentColor;
				CODE_SIGN_STYLE = Automatic;
				CURRENT_PROJECT_VERSION = 1;
				GENERATE_INFOPLIST_FILE = YES;
				INFOPLIST_FILE = WeatherApp/Info.plist;
				INFOPLIST_KEY_UIApplicationSupportsIndirectInputEvents = YES;
				INFOPLIST_KEY_UILaunchStoryboardName = LaunchScreen;
				INFOPLIST_KEY_UISupportedInterfaceOrientations_iPad = "UIInterfaceOrientationPortrait UIInterfaceOrientationPortraitUpsideDown UIInterfaceOrientationLandscapeLeft UIInterfaceOrientationLandscapeRight";
				INFOPLIST_KEY_UISupportedInterfaceOrientations_iPhone = "UIInterfaceOrientationPortrait UIInterfaceOrientationLandscapeLeft UIInterfaceOrientationLandscapeRight";
				LD_RUNPATH_SEARCH_PATHS = (
					"$(inherited)",
					"@executable_path/Frameworks",
				);
				MARKETING_VERSION = 1.0;
				PRODUCT_BUNDLE_IDENTIFIER = pthotla.WeatherApp;
				PRODUCT_NAME = "$(TARGET_NAME)";
				SWIFT_EMIT_LOC_STRINGS = YES;
				SWIFT_VERSION = 5.0;
				TARGETED_DEVICE_FAMILY = "1,2";
			};
			name = Debug;
		};
		FE7A126829C5258F00D80DE8 /* Release */ = {
			isa = XCBuildConfiguration;
			buildSettings = {
				ASSETCATALOG_COMPILER_APPICON_NAME = AppIcon;
				ASSETCATALOG_COMPILER_GLOBAL_ACCENT_COLOR_NAME = AccentColor;
				CODE_SIGN_STYLE = Automatic;
				CURRENT_PROJECT_VERSION = 1;
				GENERATE_INFOPLIST_FILE = YES;
				INFOPLIST_FILE = WeatherApp/Info.plist;
				INFOPLIST_KEY_UIApplicationSupportsIndirectInputEvents = YES;
				INFOPLIST_KEY_UILaunchStoryboardName = LaunchScreen;
				INFOPLIST_KEY_UISupportedInterfaceOrientations_iPad = "UIInterfaceOrientationPortrait UIInterfaceOrientationPortraitUpsideDown UIInterfaceOrientationLandscapeLeft UIInterfaceOrientationLandscapeRight";
				INFOPLIST_KEY_UISupportedInterfaceOrientations_iPhone = "UIInterfaceOrientationPortrait UIInterfaceOrientationLandscapeLeft UIInterfaceOrientationLandscapeRight";
				LD_RUNPATH_SEARCH_PATHS = (
					"$(inherited)",
					"@executable_path/Frameworks",
				);
				MARKETING_VERSION = 1.0;
				PRODUCT_BUNDLE_IDENTIFIER = pthotla.WeatherApp;
				PRODUCT_NAME = "$(TARGET_NAME)";
				SWIFT_EMIT_LOC_STRINGS = YES;
				SWIFT_VERSION = 5.0;
				TARGETED_DEVICE_FAMILY = "1,2";
			};
			name = Release;
		};
		FE7A126A29C5258F00D80DE8 /* Debug */ = {
			isa = XCBuildConfiguration;
			buildSettings = {
				ALWAYS_EMBED_SWIFT_STANDARD_LIBRARIES = YES;
				BUNDLE_LOADER = "$(TEST_HOST)";
				CODE_SIGN_STYLE = Automatic;
				CURRENT_PROJECT_VERSION = 1;
				GENERATE_INFOPLIST_FILE = YES;
				IPHONEOS_DEPLOYMENT_TARGET = 16.2;
				MARKETING_VERSION = 1.0;
				PRODUCT_BUNDLE_IDENTIFIER = pthotla.WeatherAppTests;
				PRODUCT_NAME = "$(TARGET_NAME)";
				SWIFT_EMIT_LOC_STRINGS = NO;
				SWIFT_VERSION = 5.0;
				TARGETED_DEVICE_FAMILY = "1,2";
				TEST_HOST = "$(BUILT_PRODUCTS_DIR)/WeatherApp.app/$(BUNDLE_EXECUTABLE_FOLDER_PATH)/WeatherApp";
			};
			name = Debug;
		};
		FE7A126B29C5258F00D80DE8 /* Release */ = {
			isa = XCBuildConfiguration;
			buildSettings = {
				ALWAYS_EMBED_SWIFT_STANDARD_LIBRARIES = YES;
				BUNDLE_LOADER = "$(TEST_HOST)";
				CODE_SIGN_STYLE = Automatic;
				CURRENT_PROJECT_VERSION = 1;
				GENERATE_INFOPLIST_FILE = YES;
				IPHONEOS_DEPLOYMENT_TARGET = 16.2;
				MARKETING_VERSION = 1.0;
				PRODUCT_BUNDLE_IDENTIFIER = pthotla.WeatherAppTests;
				PRODUCT_NAME = "$(TARGET_NAME)";
				SWIFT_EMIT_LOC_STRINGS = NO;
				SWIFT_VERSION = 5.0;
				TARGETED_DEVICE_FAMILY = "1,2";
				TEST_HOST = "$(BUILT_PRODUCTS_DIR)/WeatherApp.app/$(BUNDLE_EXECUTABLE_FOLDER_PATH)/WeatherApp";
			};
			name = Release;
		};
		FE7A126D29C5258F00D80DE8 /* Debug */ = {
			isa = XCBuildConfiguration;
			buildSettings = {
				ALWAYS_EMBED_SWIFT_STANDARD_LIBRARIES = YES;
				CODE_SIGN_STYLE = Automatic;
				CURRENT_PROJECT_VERSION = 1;
				GENERATE_INFOPLIST_FILE = YES;
				MARKETING_VERSION = 1.0;
				PRODUCT_BUNDLE_IDENTIFIER = pthotla.WeatherAppUITests;
				PRODUCT_NAME = "$(TARGET_NAME)";
				SWIFT_EMIT_LOC_STRINGS = NO;
				SWIFT_VERSION = 5.0;
				TARGETED_DEVICE_FAMILY = "1,2";
				TEST_TARGET_NAME = WeatherApp;
			};
			name = Debug;
		};
		FE7A126E29C5258F00D80DE8 /* Release */ = {
			isa = XCBuildConfiguration;
			buildSettings = {
				ALWAYS_EMBED_SWIFT_STANDARD_LIBRARIES = YES;
				CODE_SIGN_STYLE = Automatic;
				CURRENT_PROJECT_VERSION = 1;
				GENERATE_INFOPLIST_FILE = YES;
				MARKETING_VERSION = 1.0;
				PRODUCT_BUNDLE_IDENTIFIER = pthotla.WeatherAppUITests;
				PRODUCT_NAME = "$(TARGET_NAME)";
				SWIFT_EMIT_LOC_STRINGS = NO;
				SWIFT_VERSION = 5.0;
				TARGETED_DEVICE_FAMILY = "1,2";
				TEST_TARGET_NAME = WeatherApp;
			};
			name = Release;
		};
/* End XCBuildConfiguration section */

/* Begin XCConfigurationList section */
		FE7A123729C5258D00D80DE8 /* Build configuration list for PBXProject "WeatherApp" */ = {
			isa = XCConfigurationList;
			buildConfigurations = (
				FE7A126429C5258F00D80DE8 /* Debug */,
				FE7A126529C5258F00D80DE8 /* Release */,
			);
			defaultConfigurationIsVisible = 0;
			defaultConfigurationName = Release;
		};
		FE7A126629C5258F00D80DE8 /* Build configuration list for PBXNativeTarget "WeatherApp" */ = {
			isa = XCConfigurationList;
			buildConfigurations = (
				FE7A126729C5258F00D80DE8 /* Debug */,
				FE7A126829C5258F00D80DE8 /* Release */,
			);
			defaultConfigurationIsVisible = 0;
			defaultConfigurationName = Release;
		};
		FE7A126929C5258F00D80DE8 /* Build configuration list for PBXNativeTarget "WeatherAppTests" */ = {
			isa = XCConfigurationList;
			buildConfigurations = (
				FE7A126A29C5258F00D80DE8 /* Debug */,
				FE7A126B29C5258F00D80DE8 /* Release */,
			);
			defaultConfigurationIsVisible = 0;
			defaultConfigurationName = Release;
		};
		FE7A126C29C5258F00D80DE8 /* Build configuration list for PBXNativeTarget "WeatherAppUITests" */ = {
			isa = XCConfigurationList;
			buildConfigurations = (
				FE7A126D29C5258F00D80DE8 /* Debug */,
				FE7A126E29C5258F00D80DE8 /* Release */,
			);
			defaultConfigurationIsVisible = 0;
			defaultConfigurationName = Release;
		};
/* End XCConfigurationList section */
	};
	rootObject = FE7A123429C5258D00D80DE8 /* Project object */;
}
